// !$*UTF8*$!
{
	archiveVersion = 1;
	classes = {
	};
	objectVersion = 48;
	objects = {

/* Begin PBXBuildFile section */
		FBA99B6B1FE2844600BE8F54 /* AppDelegate.swift in Sources */ = {isa = PBXBuildFile; fileRef = FBA99B6A1FE2844600BE8F54 /* AppDelegate.swift */; };
		FBA99B6D1FE2844600BE8F54 /* CheckListViewController.swift in Sources */ = {isa = PBXBuildFile; fileRef = FBA99B6C1FE2844600BE8F54 /* CheckListViewController.swift */; };
		FBA99B701FE2844600BE8F54 /* Main.storyboard in Resources */ = {isa = PBXBuildFile; fileRef = FBA99B6E1FE2844600BE8F54 /* Main.storyboard */; };
		FBA99B721FE2844600BE8F54 /* Assets.xcassets in Resources */ = {isa = PBXBuildFile; fileRef = FBA99B711FE2844600BE8F54 /* Assets.xcassets */; };
		FBA99B751FE2844600BE8F54 /* LaunchScreen.storyboard in Resources */ = {isa = PBXBuildFile; fileRef = FBA99B731FE2844600BE8F54 /* LaunchScreen.storyboard */; };
		FBF360571FE3C20E00B95850 /* CheckListItem.swift in Sources */ = {isa = PBXBuildFile; fileRef = FBF360561FE3C20E00B95850 /* CheckListItem.swift */; };
/* End PBXBuildFile section */

/* Begin PBXFileReference section */
		FBA99B671FE2844600BE8F54 /* MVC_Checklist.app */ = {isa = PBXFileReference; explicitFileType = wrapper.application; includeInIndex = 0; path = MVC_Checklist.app; sourceTree = BUILT_PRODUCTS_DIR; };
		FBA99B6A1FE2844600BE8F54 /* AppDelegate.swift */ = {isa = PBXFileReference; lastKnownFileType = sourcecode.swift; path = AppDelegate.swift; sourceTree = "<group>"; };
		FBA99B6C1FE2844600BE8F54 /* CheckListViewController.swift */ = {isa = PBXFileReference; lastKnownFileType = sourcecode.swift; path = CheckListViewController.swift; sourceTree = "<group>"; };
		FBA99B6F1FE2844600BE8F54 /* Base */ = {isa = PBXFileReference; lastKnownFileType = file.storyboard; name = Base; path = Base.lproj/Main.storyboard; sourceTree = "<group>"; };
		FBA99B711FE2844600BE8F54 /* Assets.xcassets */ = {isa = PBXFileReference; lastKnownFileType = folder.assetcatalog; path = Assets.xcassets; sourceTree = "<group>"; };
		FBA99B741FE2844600BE8F54 /* Base */ = {isa = PBXFileReference; lastKnownFileType = file.storyboard; name = Base; path = Base.lproj/LaunchScreen.storyboard; sourceTree = "<group>"; };
		FBA99B761FE2844600BE8F54 /* Info.plist */ = {isa = PBXFileReference; lastKnownFileType = text.plist.xml; path = Info.plist; sourceTree = "<group>"; };
		FBF360561FE3C20E00B95850 /* CheckListItem.swift */ = {isa = PBXFileReference; lastKnownFileType = sourcecode.swift; path = CheckListItem.swift; sourceTree = "<group>"; };
/* End PBXFileReference section */

/* Begin PBXFrameworksBuildPhase section */
		FBA99B641FE2844600BE8F54 /* Frameworks */ = {
			isa = PBXFrameworksBuildPhase;
			buildActionMask = 2147483647;
			files = (
			);
			runOnlyForDeploymentPostprocessing = 0;
		};
/* End PBXFrameworksBuildPhase section */

/* Begin PBXGroup section */
		FBA99B5E1FE2844600BE8F54 = {
			isa = PBXGroup;
			children = (
				FBA99B691FE2844600BE8F54 /* MVC_Checklist */,
				FBA99B681FE2844600BE8F54 /* Products */,
			);
			sourceTree = "<group>";
		};
		FBA99B681FE2844600BE8F54 /* Products */ = {
			isa = PBXGroup;
			children = (
				FBA99B671FE2844600BE8F54 /* MVC_Checklist.app */,
			);
			name = Products;
			sourceTree = "<group>";
		};
		FBA99B691FE2844600BE8F54 /* MVC_Checklist */ = {
			isa = PBXGroup;
			children = (
				FBA99B6A1FE2844600BE8F54 /* AppDelegate.swift */,
				FBA99B6C1FE2844600BE8F54 /* CheckListViewController.swift */,
				FBF360561FE3C20E00B95850 /* CheckListItem.swift */,
				FBA99B6E1FE2844600BE8F54 /* Main.storyboard */,
				FBA99B711FE2844600BE8F54 /* Assets.xcassets */,
				FBA99B731FE2844600BE8F54 /* LaunchScreen.storyboard */,
				FBA99B761FE2844600BE8F54 /* Info.plist */,
			);
			path = MVC_Checklist;
			sourceTree = "<group>";
		};
/* End PBXGroup section */

/* Begin PBXNativeTarget section */
		FBA99B661FE2844600BE8F54 /* MVC_Checklist */ = {
			isa = PBXNativeTarget;
			buildConfigurationList = FBA99B791FE2844600BE8F54 /* Build configuration list for PBXNativeTarget "MVC_Checklist" */;
			buildPhases = (
				FBA99B631FE2844600BE8F54 /* Sources */,
				FBA99B641FE2844600BE8F54 /* Frameworks */,
				FBA99B651FE2844600BE8F54 /* Resources */,
			);
			buildRules = (
			);
			dependencies = (
			);
			name = MVC_Checklist;
			productName = MVC_Checklist;
			productReference = FBA99B671FE2844600BE8F54 /* MVC_Checklist.app */;
			productType = "com.apple.product-type.application";
		};
/* End PBXNativeTarget section */

/* Begin PBXProject section */
		FBA99B5F1FE2844600BE8F54 /* Project object */ = {
			isa = PBXProject;
			attributes = {
				LastSwiftUpdateCheck = 0900;
				LastUpgradeCheck = 0900;
				ORGANIZATIONNAME = adriaros;
				TargetAttributes = {
					FBA99B661FE2844600BE8F54 = {
						CreatedOnToolsVersion = 9.0;
						ProvisioningStyle = Automatic;
					};
				};
			};
			buildConfigurationList = FBA99B621FE2844600BE8F54 /* Build configuration list for PBXProject "MVC_Checklist" */;
			compatibilityVersion = "Xcode 8.0";
			developmentRegion = en;
			hasScannedForEncodings = 0;
			knownRegions = (
				en,
				Base,
			);
			mainGroup = FBA99B5E1FE2844600BE8F54;
			productRefGroup = FBA99B681FE2844600BE8F54 /* Products */;
			projectDirPath = "";
			projectRoot = "";
			targets = (
				FBA99B661FE2844600BE8F54 /* MVC_Checklist */,
			);
		};
/* End PBXProject section */

/* Begin PBXResourcesBuildPhase section */
		FBA99B651FE2844600BE8F54 /* Resources */ = {
			isa = PBXResourcesBuildPhase;
			buildActionMask = 2147483647;
			files = (
				FBA99B751FE2844600BE8F54 /* LaunchScreen.storyboard in Resources */,
				FBA99B721FE2844600BE8F54 /* Assets.xcassets in Resources */,
				FBA99B701FE2844600BE8F54 /* Main.storyboard in Resources */,
			);
			runOnlyForDeploymentPostprocessing = 0;
		};
/* End PBXResourcesBuildPhase section */

/* Begin PBXSourcesBuildPhase section */
		FBA99B631FE2844600BE8F54 /* Sources */ = {
			isa = PBXSourcesBuildPhase;
			buildActionMask = 2147483647;
			files = (
				FBF360571FE3C20E00B95850 /* CheckListItem.swift in Sources */,
				FBA99B6D1FE2844600BE8F54 /* CheckListViewController.swift in Sources */,
				FBA99B6B1FE2844600BE8F54 /* AppDelegate.swift in Sources */,
			);
			runOnlyForDeploymentPostprocessing = 0;
		};
/* End PBXSourcesBuildPhase section */

/* Begin PBXVariantGroup section */
		FBA99B6E1FE2844600BE8F54 /* Main.storyboard */ = {
			isa = PBXVariantGroup;
			children = (
				FBA99B6F1FE2844600BE8F54 /* Base */,
			);
			name = Main.storyboard;
			sourceTree = "<group>";
		};
		FBA99B731FE2844600BE8F54 /* LaunchScreen.storyboard */ = {
			isa = PBXVariantGroup;
			children = (
				FBA99B741FE2844600BE8F54 /* Base */,
			);
			name = LaunchScreen.storyboard;
			sourceTree = "<group>";
		};
/* End PBXVariantGroup section */

/* Begin XCBuildConfiguration section */
		FBA99B771FE2844600BE8F54 /* Debug */ = {
			isa = XCBuildConfiguration;
			buildSettings = {
				ALWAYS_SEARCH_USER_PATHS = NO;
				CLANG_ANALYZER_NONNULL = YES;
				CLANG_ANALYZER_NUMBER_OBJECT_CONVERSION = YES_AGGRESSIVE;
				CLANG_CXX_LANGUAGE_STANDARD = "gnu++14";
				CLANG_CXX_LIBRARY = "libc++";
				CLANG_ENABLE_MODULES = YES;
				CLANG_ENABLE_OBJC_ARC = YES;
				CLANG_WARN_BLOCK_CAPTURE_AUTORELEASING = YES;
				CLANG_WARN_BOOL_CONVERSION = YES;
				CLANG_WARN_COMMA = YES;
				CLANG_WARN_CONSTANT_CONVERSION = YES;
				CLANG_WARN_DIRECT_OBJC_ISA_USAGE = YES_ERROR;
				CLANG_WARN_DOCUMENTATION_COMMENTS = YES;
				CLANG_WARN_EMPTY_BODY = YES;
				CLANG_WARN_ENUM_CONVERSION = YES;
				CLANG_WARN_INFINITE_RECURSION = YES;
				CLANG_WARN_INT_CONVERSION = YES;
				CLANG_WARN_NON_LITERAL_NULL_CONVERSION = YES;
				CLANG_WARN_OBJC_LITERAL_CONVERSION = YES;
				CLANG_WARN_OBJC_ROOT_CLASS = YES_ERROR;
				CLANG_WARN_RANGE_LOOP_ANALYSIS = YES;
				CLANG_WARN_STRICT_PROTOTYPES = YES;
				CLANG_WARN_SUSPICIOUS_MOVE = YES;
				CLANG_WARN_UNGUARDED_AVAILABILITY = YES_AGGRESSIVE;
				CLANG_WARN_UNREACHABLE_CODE = YES;
				CLANG_WARN__DUPLICATE_METHOD_MATCH = YES;
				CODE_SIGN_IDENTITY = "iPhone Developer";
				COPY_PHASE_STRIP = NO;
				DEBUG_INFORMATION_FORMAT = dwarf;
				ENABLE_STRICT_OBJC_MSGSEND = YES;
				ENABLE_TESTABILITY = YES;
				GCC_C_LANGUAGE_STANDARD = gnu11;
				GCC_DYNAMIC_NO_PIC = NO;
				GCC_NO_COMMON_BLOCKS = YES;
				GCC_OPTIMIZATION_LEVEL = 0;
				GCC_PREPROCESSOR_DEFINITIONS = (
					"DEBUG=1",
					"$(inherited)",
				);
				GCC_WARN_64_TO_32_BIT_CONVERSION = YES;
				GCC_WARN_ABOUT_RETURN_TYPE = YES_ERROR;
				GCC_WARN_UNDECLARED_SELECTOR = YES;
				GCC_WARN_UNINITIALIZED_AUTOS = YES_AGGRESSIVE;
				GCC_WARN_UNUSED_FUNCTION = YES;
				GCC_WARN_UNUSED_VARIABLE = YES;
				IPHONEOS_DEPLOYMENT_TARGET = 11.0;
				MTL_ENABLE_DEBUG_INFO = YES;
				ONLY_ACTIVE_ARCH = YES;
				SDKROOT = iphoneos;
				SWIFT_ACTIVE_COMPILATION_CONDITIONS = DEBUG;
				SWIFT_OPTIMIZATION_LEVEL = "-Onone";
			};
			name = Debug;
		};
		FBA99B781FE2844600BE8F54 /* Release */ = {
			isa = XCBuildConfiguration;
			buildSettings = {
				ALWAYS_SEARCH_USER_PATHS = NO;
				CLANG_ANALYZER_NONNULL = YES;
				CLANG_ANALYZER_NUMBER_OBJECT_CONVERSION = YES_AGGRESSIVE;
				CLANG_CXX_LANGUAGE_STANDARD = "gnu++14";
				CLANG_CXX_LIBRARY = "libc++";
				CLANG_ENABLE_MODULES = YES;
				CLANG_ENABLE_OBJC_ARC = YES;
				CLANG_WARN_BLOCK_CAPTURE_AUTORELEASING = YES;
				CLANG_WARN_BOOL_CONVERSION = YES;
				CLANG_WARN_COMMA = YES;
				CLANG_WARN_CONSTANT_CONVERSION = YES;
				CLANG_WARN_DIRECT_OBJC_ISA_USAGE = YES_ERROR;
				CLANG_WARN_DOCUMENTATION_COMMENTS = YES;
				CLANG_WARN_EMPTY_BODY = YES;
				CLANG_WARN_ENUM_CONVERSION = YES;
				CLANG_WARN_INFINITE_RECURSION = YES;
				CLANG_WARN_INT_CONVERSION = YES;
				CLANG_WARN_NON_LITERAL_NULL_CONVERSION = YES;
				CLANG_WARN_OBJC_LITERAL_CONVERSION = YES;
				CLANG_WARN_OBJC_ROOT_CLASS = YES_ERROR;
				CLANG_WARN_RANGE_LOOP_ANALYSIS = YES;
				CLANG_WARN_STRICT_PROTOTYPES = YES;
				CLANG_WARN_SUSPICIOUS_MOVE = YES;
				CLANG_WARN_UNGUARDED_AVAILABILITY = YES_AGGRESSIVE;
				CLANG_WARN_UNREACHABLE_CODE = YES;
				CLANG_WARN__DUPLICATE_METHOD_MATCH = YES;
				CODE_SIGN_IDENTITY = "iPhone Developer";
				COPY_PHASE_STRIP = NO;
				DEBUG_INFORMATION_FORMAT = "dwarf-with-dsym";
				ENABLE_NS_ASSERTIONS = NO;
				ENABLE_STRICT_OBJC_MSGSEND = YES;
				GCC_C_LANGUAGE_STANDARD = gnu11;
				GCC_NO_COMMON_BLOCKS = YES;
				GCC_WARN_64_TO_32_BIT_CONVERSION = YES;
				GCC_WARN_ABOUT_RETURN_TYPE = YES_ERROR;
				GCC_WARN_UNDECLARED_SELECTOR = YES;
				GCC_WARN_UNINITIALIZED_AUTOS = YES_AGGRESSIVE;
				GCC_WARN_UNUSED_FUNCTION = YES;
				GCC_WARN_UNUSED_VARIABLE = YES;
				IPHONEOS_DEPLOYMENT_TARGET = 11.0;
				MTL_ENABLE_DEBUG_INFO = NO;
				SDKROOT = iphoneos;
				SWIFT_OPTIMIZATION_LEVEL = "-Owholemodule";
				VALIDATE_PRODUCT = YES;
			};
			name = Release;
		};
		FBA99B7A1FE2844600BE8F54 /* Debug */ = {
			isa = XCBuildConfiguration;
			buildSettings = {
				ASSETCATALOG_COMPILER_APPICON_NAME = AppIcon;
				CODE_SIGN_STYLE = Automatic;
				DEVELOPMENT_TEAM = EQYUZ4SWRS;
				INFOPLIST_FILE = MVC_Checklist/Info.plist;
				LD_RUNPATH_SEARCH_PATHS = "$(inherited) @executable_path/Frameworks";
				PRODUCT_BUNDLE_IDENTIFIER = "arossaez.MVC-Checklist";
				PRODUCT_NAME = "$(TARGET_NAME)";
				SWIFT_VERSION = 4.0;
				TARGETED_DEVICE_FAMILY = "1,2";
			};
			name = Debug;
		};
		FBA99B7B1FE2844600BE8F54 /* Release */ = {
			isa = XCBuildConfiguration;
			buildSettings = {
				ASSETCATALOG_COMPILER_APPICON_NAME = AppIcon;
				CODE_SIGN_STYLE = Automatic;
				DEVELOPMENT_TEAM = EQYUZ4SWRS;
				INFOPLIST_FILE = MVC_Checklist/Info.plist;
				LD_RUNPATH_SEARCH_PATHS = "$(inherited) @executable_path/Frameworks";
				PRODUCT_BUNDLE_IDENTIFIER = "arossaez.MVC-Checklist";
				PRODUCT_NAME = "$(TARGET_NAME)";
				SWIFT_VERSION = 4.0;
				TARGETED_DEVICE_FAMILY = "1,2";
			};
			name = Release;
		};
/* End XCBuildConfiguration section */

/* Begin XCConfigurationList section */
		FBA99B621FE2844600BE8F54 /* Build configuration list for PBXProject "MVC_Checklist" */ = {
			isa = XCConfigurationList;
			buildConfigurations = (
				FBA99B771FE2844600BE8F54 /* Debug */,
				FBA99B781FE2844600BE8F54 /* Release */,
			);
			defaultConfigurationIsVisible = 0;
			defaultConfigurationName = Release;
		};
		FBA99B791FE2844600BE8F54 /* Build configuration list for PBXNativeTarget "MVC_Checklist" */ = {
			isa = XCConfigurationList;
			buildConfigurations = (
				FBA99B7A1FE2844600BE8F54 /* Debug */,
				FBA99B7B1FE2844600BE8F54 /* Release */,
			);
			defaultConfigurationIsVisible = 0;
			defaultConfigurationName = Release;
		};
/* End XCConfigurationList section */
	};
	rootObject = FBA99B5F1FE2844600BE8F54 /* Project object */;
}
